// !$*UTF8*$!
{
	archiveVersion = 1;
	classes = {
	};
	objectVersion = 50;
	objects = {

/* Begin PBXBuildFile section */
		9202C50D2578D01D003DDEFD /* Home.swift in Sources */ = {isa = PBXBuildFile; fileRef = 9202C50C2578D01D003DDEFD /* Home.swift */; };
		9202C5132578D5E6003DDEFD /* TopBar.swift in Sources */ = {isa = PBXBuildFile; fileRef = 9202C5122578D5E6003DDEFD /* TopBar.swift */; };
		9202C5172578F6FC003DDEFD /* TransportationRow.swift in Sources */ = {isa = PBXBuildFile; fileRef = 9202C5162578F6FC003DDEFD /* TransportationRow.swift */; };
		9202C51A25790D7F003DDEFD /* TransportationDetails.swift in Sources */ = {isa = PBXBuildFile; fileRef = 9202C51925790D7F003DDEFD /* TransportationDetails.swift */; };
		9202C51D25791268003DDEFD /* TemperatureMapRow.swift in Sources */ = {isa = PBXBuildFile; fileRef = 9202C51C25791268003DDEFD /* TemperatureMapRow.swift */; };
		9237EF922573806900235F56 /* FoodCert_mobileApp.swift in Sources */ = {isa = PBXBuildFile; fileRef = 9237EF912573806900235F56 /* FoodCert_mobileApp.swift */; };
		9237EF962573806900235F56 /* Assets.xcassets in Resources */ = {isa = PBXBuildFile; fileRef = 9237EF952573806900235F56 /* Assets.xcassets */; };
		9237EF992573806900235F56 /* Preview Assets.xcassets in Resources */ = {isa = PBXBuildFile; fileRef = 9237EF982573806900235F56 /* Preview Assets.xcassets */; };
		92E6E3C625780D7100F286A4 /* Store.swift in Sources */ = {isa = PBXBuildFile; fileRef = 92E6E3C525780D7100F286A4 /* Store.swift */; };
		92E6E3C92578133700F286A4 /* SignIn.swift in Sources */ = {isa = PBXBuildFile; fileRef = 92E6E3C82578133700F286A4 /* SignIn.swift */; };
/* End PBXBuildFile section */

/* Begin PBXFileReference section */
		9202C50C2578D01D003DDEFD /* Home.swift */ = {isa = PBXFileReference; lastKnownFileType = sourcecode.swift; path = Home.swift; sourceTree = "<group>"; };
		9202C5122578D5E6003DDEFD /* TopBar.swift */ = {isa = PBXFileReference; lastKnownFileType = sourcecode.swift; path = TopBar.swift; sourceTree = "<group>"; };
		9202C5162578F6FC003DDEFD /* TransportationRow.swift */ = {isa = PBXFileReference; lastKnownFileType = sourcecode.swift; path = TransportationRow.swift; sourceTree = "<group>"; };
		9202C51925790D7F003DDEFD /* TransportationDetails.swift */ = {isa = PBXFileReference; lastKnownFileType = sourcecode.swift; path = TransportationDetails.swift; sourceTree = "<group>"; };
		9202C51C25791268003DDEFD /* TemperatureMapRow.swift */ = {isa = PBXFileReference; lastKnownFileType = sourcecode.swift; path = TemperatureMapRow.swift; sourceTree = "<group>"; };
		9237EF8E2573806900235F56 /* FoodCert-mobile.app */ = {isa = PBXFileReference; explicitFileType = wrapper.application; includeInIndex = 0; path = "FoodCert-mobile.app"; sourceTree = BUILT_PRODUCTS_DIR; };
		9237EF912573806900235F56 /* FoodCert_mobileApp.swift */ = {isa = PBXFileReference; lastKnownFileType = sourcecode.swift; path = FoodCert_mobileApp.swift; sourceTree = "<group>"; };
		9237EF952573806900235F56 /* Assets.xcassets */ = {isa = PBXFileReference; lastKnownFileType = folder.assetcatalog; path = Assets.xcassets; sourceTree = "<group>"; };
		9237EF982573806900235F56 /* Preview Assets.xcassets */ = {isa = PBXFileReference; lastKnownFileType = folder.assetcatalog; path = "Preview Assets.xcassets"; sourceTree = "<group>"; };
		9237EF9A2573806900235F56 /* Info.plist */ = {isa = PBXFileReference; lastKnownFileType = text.plist.xml; path = Info.plist; sourceTree = "<group>"; };
		92E6E3C525780D7100F286A4 /* Store.swift */ = {isa = PBXFileReference; lastKnownFileType = sourcecode.swift; path = Store.swift; sourceTree = "<group>"; };
		92E6E3C82578133700F286A4 /* SignIn.swift */ = {isa = PBXFileReference; lastKnownFileType = sourcecode.swift; path = SignIn.swift; sourceTree = "<group>"; };
/* End PBXFileReference section */

/* Begin PBXFrameworksBuildPhase section */
		9237EF8B2573806900235F56 /* Frameworks */ = {
			isa = PBXFrameworksBuildPhase;
			buildActionMask = 2147483647;
			files = (
			);
			runOnlyForDeploymentPostprocessing = 0;
		};
/* End PBXFrameworksBuildPhase section */

/* Begin PBXGroup section */
		9237EF852573806900235F56 = {
			isa = PBXGroup;
			children = (
				9237EF902573806900235F56 /* FoodCert-mobile */,
				9237EF8F2573806900235F56 /* Products */,
			);
			sourceTree = "<group>";
		};
		9237EF8F2573806900235F56 /* Products */ = {
			isa = PBXGroup;
			children = (
				9237EF8E2573806900235F56 /* FoodCert-mobile.app */,
			);
			name = Products;
			sourceTree = "<group>";
		};
		9237EF902573806900235F56 /* FoodCert-mobile */ = {
			isa = PBXGroup;
			children = (
				9237EF912573806900235F56 /* FoodCert_mobileApp.swift */,
				9237EF952573806900235F56 /* Assets.xcassets */,
				92E6E3C82578133700F286A4 /* SignIn.swift */,
				9202C50C2578D01D003DDEFD /* Home.swift */,
				9202C51925790D7F003DDEFD /* TransportationDetails.swift */,
				9202C5162578F6FC003DDEFD /* TransportationRow.swift */,
				9202C51C25791268003DDEFD /* TemperatureMapRow.swift */,
				9202C5122578D5E6003DDEFD /* TopBar.swift */,
				9237EF9A2573806900235F56 /* Info.plist */,
				9237EF972573806900235F56 /* Preview Content */,
				92E6E3C525780D7100F286A4 /* Store.swift */,
			);
			path = "FoodCert-mobile";
			sourceTree = "<group>";
		};
		9237EF972573806900235F56 /* Preview Content */ = {
			isa = PBXGroup;
			children = (
				9237EF982573806900235F56 /* Preview Assets.xcassets */,
			);
			path = "Preview Content";
			sourceTree = "<group>";
		};
/* End PBXGroup section */

/* Begin PBXNativeTarget section */
		9237EF8D2573806900235F56 /* FoodCert-mobile */ = {
			isa = PBXNativeTarget;
			buildConfigurationList = 9237EF9D2573806900235F56 /* Build configuration list for PBXNativeTarget "FoodCert-mobile" */;
			buildPhases = (
				9237EF8A2573806900235F56 /* Sources */,
				9237EF8B2573806900235F56 /* Frameworks */,
				9237EF8C2573806900235F56 /* Resources */,
			);
			buildRules = (
			);
			dependencies = (
			);
			name = "FoodCert-mobile";
			productName = "FoodCert-mobile";
			productReference = 9237EF8E2573806900235F56 /* FoodCert-mobile.app */;
			productType = "com.apple.product-type.application";
		};
/* End PBXNativeTarget section */

/* Begin PBXProject section */
		9237EF862573806900235F56 /* Project object */ = {
			isa = PBXProject;
			attributes = {
				LastSwiftUpdateCheck = 1220;
				LastUpgradeCheck = 1220;
				TargetAttributes = {
					9237EF8D2573806900235F56 = {
						CreatedOnToolsVersion = 12.2;
					};
				};
			};
			buildConfigurationList = 9237EF892573806900235F56 /* Build configuration list for PBXProject "FoodCert-mobile" */;
			compatibilityVersion = "Xcode 9.3";
			developmentRegion = en;
			hasScannedForEncodings = 0;
			knownRegions = (
				en,
				Base,
			);
			mainGroup = 9237EF852573806900235F56;
			productRefGroup = 9237EF8F2573806900235F56 /* Products */;
			projectDirPath = "";
			projectRoot = "";
			targets = (
				9237EF8D2573806900235F56 /* FoodCert-mobile */,
			);
		};
/* End PBXProject section */

/* Begin PBXResourcesBuildPhase section */
		9237EF8C2573806900235F56 /* Resources */ = {
			isa = PBXResourcesBuildPhase;
			buildActionMask = 2147483647;
			files = (
				9237EF992573806900235F56 /* Preview Assets.xcassets in Resources */,
				9237EF962573806900235F56 /* Assets.xcassets in Resources */,
			);
			runOnlyForDeploymentPostprocessing = 0;
		};
/* End PBXResourcesBuildPhase section */

/* Begin PBXSourcesBuildPhase section */
		9237EF8A2573806900235F56 /* Sources */ = {
			isa = PBXSourcesBuildPhase;
			buildActionMask = 2147483647;
			files = (
				92E6E3C625780D7100F286A4 /* Store.swift in Sources */,
				9202C5132578D5E6003DDEFD /* TopBar.swift in Sources */,
				92E6E3C92578133700F286A4 /* SignIn.swift in Sources */,
				9202C50D2578D01D003DDEFD /* Home.swift in Sources */,
				9202C5172578F6FC003DDEFD /* TransportationRow.swift in Sources */,
				9202C51A25790D7F003DDEFD /* TransportationDetails.swift in Sources */,
				9202C51D25791268003DDEFD /* TemperatureMapRow.swift in Sources */,
				9237EF922573806900235F56 /* FoodCert_mobileApp.swift in Sources */,
			);
			runOnlyForDeploymentPostprocessing = 0;
		};
/* End PBXSourcesBuildPhase section */

/* Begin XCBuildConfiguration section */
		9237EF9B2573806900235F56 /* Debug */ = {
			isa = XCBuildConfiguration;
			buildSettings = {
				ALWAYS_SEARCH_USER_PATHS = NO;
				CLANG_ANALYZER_NONNULL = YES;
				CLANG_ANALYZER_NUMBER_OBJECT_CONVERSION = YES_AGGRESSIVE;
				CLANG_CXX_LANGUAGE_STANDARD = "gnu++14";
				CLANG_CXX_LIBRARY = "libc++";
				CLANG_ENABLE_MODULES = YES;
				CLANG_ENABLE_OBJC_ARC = YES;
				CLANG_ENABLE_OBJC_WEAK = YES;
				CLANG_WARN_BLOCK_CAPTURE_AUTORELEASING = YES;
				CLANG_WARN_BOOL_CONVERSION = YES;
				CLANG_WARN_COMMA = YES;
				CLANG_WARN_CONSTANT_CONVERSION = YES;
				CLANG_WARN_DEPRECATED_OBJC_IMPLEMENTATIONS = YES;
				CLANG_WARN_DIRECT_OBJC_ISA_USAGE = YES_ERROR;
				CLANG_WARN_DOCUMENTATION_COMMENTS = YES;
				CLANG_WARN_EMPTY_BODY = YES;
				CLANG_WARN_ENUM_CONVERSION = YES;
				CLANG_WARN_INFINITE_RECURSION = YES;
				CLANG_WARN_INT_CONVERSION = YES;
				CLANG_WARN_NON_LITERAL_NULL_CONVERSION = YES;
				CLANG_WARN_OBJC_IMPLICIT_RETAIN_SELF = YES;
				CLANG_WARN_OBJC_LITERAL_CONVERSION = YES;
				CLANG_WARN_OBJC_ROOT_CLASS = YES_ERROR;
				CLANG_WARN_QUOTED_INCLUDE_IN_FRAMEWORK_HEADER = YES;
				CLANG_WARN_RANGE_LOOP_ANALYSIS = YES;
				CLANG_WARN_STRICT_PROTOTYPES = YES;
				CLANG_WARN_SUSPICIOUS_MOVE = YES;
				CLANG_WARN_UNGUARDED_AVAILABILITY = YES_AGGRESSIVE;
				CLANG_WARN_UNREACHABLE_CODE = YES;
				CLANG_WARN__DUPLICATE_METHOD_MATCH = YES;
				COPY_PHASE_STRIP = NO;
				DEBUG_INFORMATION_FORMAT = dwarf;
				ENABLE_STRICT_OBJC_MSGSEND = YES;
				ENABLE_TESTABILITY = YES;
				GCC_C_LANGUAGE_STANDARD = gnu11;
				GCC_DYNAMIC_NO_PIC = NO;
				GCC_NO_COMMON_BLOCKS = YES;
				GCC_OPTIMIZATION_LEVEL = 0;
				GCC_PREPROCESSOR_DEFINITIONS = (
					"DEBUG=1",
					"$(inherited)",
				);
				GCC_WARN_64_TO_32_BIT_CONVERSION = YES;
				GCC_WARN_ABOUT_RETURN_TYPE = YES_ERROR;
				GCC_WARN_UNDECLARED_SELECTOR = YES;
				GCC_WARN_UNINITIALIZED_AUTOS = YES_AGGRESSIVE;
				GCC_WARN_UNUSED_FUNCTION = YES;
				GCC_WARN_UNUSED_VARIABLE = YES;
				IPHONEOS_DEPLOYMENT_TARGET = 14.2;
				MTL_ENABLE_DEBUG_INFO = INCLUDE_SOURCE;
				MTL_FAST_MATH = YES;
				ONLY_ACTIVE_ARCH = YES;
				SDKROOT = iphoneos;
				SWIFT_ACTIVE_COMPILATION_CONDITIONS = DEBUG;
				SWIFT_OPTIMIZATION_LEVEL = "-Onone";
			};
			name = Debug;
		};
		9237EF9C2573806900235F56 /* Release */ = {
			isa = XCBuildConfiguration;
			buildSettings = {
				ALWAYS_SEARCH_USER_PATHS = NO;
				CLANG_ANALYZER_NONNULL = YES;
				CLANG_ANALYZER_NUMBER_OBJECT_CONVERSION = YES_AGGRESSIVE;
				CLANG_CXX_LANGUAGE_STANDARD = "gnu++14";
				CLANG_CXX_LIBRARY = "libc++";
				CLANG_ENABLE_MODULES = YES;
				CLANG_ENABLE_OBJC_ARC = YES;
				CLANG_ENABLE_OBJC_WEAK = YES;
				CLANG_WARN_BLOCK_CAPTURE_AUTORELEASING = YES;
				CLANG_WARN_BOOL_CONVERSION = YES;
				CLANG_WARN_COMMA = YES;
				CLANG_WARN_CONSTANT_CONVERSION = YES;
				CLANG_WARN_DEPRECATED_OBJC_IMPLEMENTATIONS = YES;
				CLANG_WARN_DIRECT_OBJC_ISA_USAGE = YES_ERROR;
				CLANG_WARN_DOCUMENTATION_COMMENTS = YES;
				CLANG_WARN_EMPTY_BODY = YES;
				CLANG_WARN_ENUM_CONVERSION = YES;
				CLANG_WARN_INFINITE_RECURSION = YES;
				CLANG_WARN_INT_CONVERSION = YES;
				CLANG_WARN_NON_LITERAL_NULL_CONVERSION = YES;
				CLANG_WARN_OBJC_IMPLICIT_RETAIN_SELF = YES;
				CLANG_WARN_OBJC_LITERAL_CONVERSION = YES;
				CLANG_WARN_OBJC_ROOT_CLASS = YES_ERROR;
				CLANG_WARN_QUOTED_INCLUDE_IN_FRAMEWORK_HEADER = YES;
				CLANG_WARN_RANGE_LOOP_ANALYSIS = YES;
				CLANG_WARN_STRICT_PROTOTYPES = YES;
				CLANG_WARN_SUSPICIOUS_MOVE = YES;
				CLANG_WARN_UNGUARDED_AVAILABILITY = YES_AGGRESSIVE;
				CLANG_WARN_UNREACHABLE_CODE = YES;
				CLANG_WARN__DUPLICATE_METHOD_MATCH = YES;
				COPY_PHASE_STRIP = NO;
				DEBUG_INFORMATION_FORMAT = "dwarf-with-dsym";
				ENABLE_NS_ASSERTIONS = NO;
				ENABLE_STRICT_OBJC_MSGSEND = YES;
				GCC_C_LANGUAGE_STANDARD = gnu11;
				GCC_NO_COMMON_BLOCKS = YES;
				GCC_WARN_64_TO_32_BIT_CONVERSION = YES;
				GCC_WARN_ABOUT_RETURN_TYPE = YES_ERROR;
				GCC_WARN_UNDECLARED_SELECTOR = YES;
				GCC_WARN_UNINITIALIZED_AUTOS = YES_AGGRESSIVE;
				GCC_WARN_UNUSED_FUNCTION = YES;
				GCC_WARN_UNUSED_VARIABLE = YES;
				IPHONEOS_DEPLOYMENT_TARGET = 14.2;
				MTL_ENABLE_DEBUG_INFO = NO;
				MTL_FAST_MATH = YES;
				SDKROOT = iphoneos;
				SWIFT_COMPILATION_MODE = wholemodule;
				SWIFT_OPTIMIZATION_LEVEL = "-O";
				VALIDATE_PRODUCT = YES;
			};
			name = Release;
		};
		9237EF9E2573806900235F56 /* Debug */ = {
			isa = XCBuildConfiguration;
			buildSettings = {
				ASSETCATALOG_COMPILER_APPICON_NAME = AppIcon;
				ASSETCATALOG_COMPILER_GLOBAL_ACCENT_COLOR_NAME = AccentColor;
				CODE_SIGN_STYLE = Automatic;
				DEVELOPMENT_ASSET_PATHS = "\"FoodCert-mobile/Preview Content\"";
				ENABLE_PREVIEWS = YES;
				INFOPLIST_FILE = "FoodCert-mobile/Info.plist";
				IPHONEOS_DEPLOYMENT_TARGET = 14.0;
				LD_RUNPATH_SEARCH_PATHS = (
					"$(inherited)",
					"@executable_path/Frameworks",
				);
				PRODUCT_BUNDLE_IDENTIFIER = "me.FoodCert-mobile";
				PRODUCT_NAME = "$(TARGET_NAME)";
				SWIFT_VERSION = 5.0;
				TARGETED_DEVICE_FAMILY = "1,2";
			};
			name = Debug;
		};
		9237EF9F2573806900235F56 /* Release */ = {
			isa = XCBuildConfiguration;
			buildSettings = {
				ASSETCATALOG_COMPILER_APPICON_NAME = AppIcon;
				ASSETCATALOG_COMPILER_GLOBAL_ACCENT_COLOR_NAME = AccentColor;
				CODE_SIGN_STYLE = Automatic;
				DEVELOPMENT_ASSET_PATHS = "\"FoodCert-mobile/Preview Content\"";
				ENABLE_PREVIEWS = YES;
				INFOPLIST_FILE = "FoodCert-mobile/Info.plist";
				IPHONEOS_DEPLOYMENT_TARGET = 14.0;
				LD_RUNPATH_SEARCH_PATHS = (
					"$(inherited)",
					"@executable_path/Frameworks",
				);
				PRODUCT_BUNDLE_IDENTIFIER = "me.FoodCert-mobile";
				PRODUCT_NAME = "$(TARGET_NAME)";
				SWIFT_VERSION = 5.0;
				TARGETED_DEVICE_FAMILY = "1,2";
			};
			name = Release;
		};
/* End XCBuildConfiguration section */

/* Begin XCConfigurationList section */
		9237EF892573806900235F56 /* Build configuration list for PBXProject "FoodCert-mobile" */ = {
			isa = XCConfigurationList;
			buildConfigurations = (
				9237EF9B2573806900235F56 /* Debug */,
				9237EF9C2573806900235F56 /* Release */,
			);
			defaultConfigurationIsVisible = 0;
			defaultConfigurationName = Release;
		};
		9237EF9D2573806900235F56 /* Build configuration list for PBXNativeTarget "FoodCert-mobile" */ = {
			isa = XCConfigurationList;
			buildConfigurations = (
				9237EF9E2573806900235F56 /* Debug */,
				9237EF9F2573806900235F56 /* Release */,
			);
			defaultConfigurationIsVisible = 0;
			defaultConfigurationName = Release;
		};
/* End XCConfigurationList section */
	};
	rootObject = 9237EF862573806900235F56 /* Project object */;
}
